{
  "name": "detect-zero-width-characters-chrome-extension",
  "lockfileVersion": 2,
  "requires": true,
  "packages": {
    "": {
      "devDependencies": {
        "@types/chrome": "^0.0.248"
      }
    },
    "node_modules/@types/chrome": {
      "version": "0.0.248",
      "resolved": "https://registry.npmjs.org/@types/chrome/-/chrome-0.0.248.tgz",
      "integrity": "sha512-qtBzxZD1v3eWZn8XxH1i07pAhzJDHnxJBBVy7bmntXxXKxjzNXYxD41teqa5yOcX/Yy8brRFGZESEzGoINvBDg==",
      "dev": true,
      "dependencies": {
        "@types/filesystem": "*",
        "@types/har-format": "*"
      }
    },
    "node_modules/@types/filesystem": {
      "version": "0.0.34",
      "resolved": "https://registry.npmjs.org/@types/filesystem/-/filesystem-0.0.34.tgz",
      "integrity": "sha512-La4bGrgck8/rosDUA1DJJP8hrFcKq0BV6JaaVlNnOo1rJdJDcft3//slEbAmsWNUJwXRCc0DXpeO40yuATlexw==",
      "dev": true,
      "dependencies": {
        "@types/filewriter": "*"
      }
    },
    "node_modules/@types/filewriter": {
      "version": "0.0.31",
      "resolved": "https://registry.npmjs.org/@types/filewriter/-/filewriter-0.0.31.tgz",
      "integrity": "sha512-12df1utOvPC80+UaVoOO1d81X8pa5MefHNS+gWX9R2ucSESpMz9K5QwlTWDGKASrzCpSFwj7NPYh+nTsolgEGA==",
      "dev": true
    },
    "node_modules/@types/har-format": {
      "version": "1.2.14",
      "resolved": "https://registry.npmjs.org/@types/har-format/-/har-format-1.2.14.tgz",
      "integrity": "sha512-pEmBAoccWvO6XbSI8A7KvIDGEoKtlLWtdqVCKoVBcCDSFvR4Ijd7zGLu7MWGEqk2r8D54uWlMRt+VZuSrfFMzQ==",
      "dev": true
    }
  },
  "dependencies": {
    "@types/chrome": {
      "version": "0.0.248",
      "resolved": "https://registry.npmjs.org/@types/chrome/-/chrome-0.0.248.tgz",
      "integrity": "sha512-qtBzxZD1v3eWZn8XxH1i07pAhzJDHnxJBBVy7bmntXxXKxjzNXYxD41teqa5yOcX/Yy8brRFGZESEzGoINvBDg==",
      "dev": true,
      "requires": {
        "@types/filesystem": "*",
        "@types/har-format": "*"
      }
    },
    "@types/filesystem": {
      "version": "0.0.34",
      "resolved": "https://registry.npmjs.org/@types/filesystem/-/filesystem-0.0.34.tgz",
      "integrity": "sha512-La4bGrgck8/rosDUA1DJJP8hrFcKq0BV6JaaVlNnOo1rJdJDcft3//slEbAmsWNUJwXRCc0DXpeO40yuATlexw==",
      "dev": true,
      "requires": {
        "@types/filewriter": "*"
      }
    },
    "@types/filewriter": {
      "version": "0.0.31",
      "resolved": "https://registry.npmjs.org/@types/filewriter/-/filewriter-0.0.31.tgz",
      "integrity": "sha512-12df1utOvPC80+UaVoOO1d81X8pa5MefHNS+gWX9R2ucSESpMz9K5QwlTWDGKASrzCpSFwj7NPYh+nTsolgEGA==",
      "dev": true
    },
    "@types/har-format": {
      "version": "1.2.14",
      "resolved": "https://registry.npmjs.org/@types/har-format/-/har-format-1.2.14.tgz",
      "integrity": "sha512-pEmBAoccWvO6XbSI8A7KvIDGEoKtlLWtdqVCKoVBcCDSFvR4Ijd7zGLu7MWGEqk2r8D54uWlMRt+VZuSrfFMzQ==",
      "dev": true
    }
  }
}
